
Microsoft Visual Studio Solution File, Format Version 12.00
# Visual Studio Version 17
VisualStudioVersion = 17.7.34221.43
MinimumVisualStudioVersion = 10.0.40219.1
Project("{FAE04EC0-301F-11D3-BF4B-00C04F79EFBC}") = "PZ_№5", "PZ_№5.csproj", "{05647830-562E-40E0-A573-5AAFAB5E42D6}"
EndProject
Global
	GlobalSection(SolutionConfigurationPlatforms) = preSolution
		Debug|Any CPU = Debug|Any CPU
		Release|Any CPU = Release|Any CPU
	EndGlobalSection
	GlobalSection(ProjectConfigurationPlatforms) = postSolution
		{05647830-562E-40E0-A573-5AAFAB5E42D6}.Debug|Any CPU.ActiveCfg = Debug|Any CPU
		{05647830-562E-40E0-A573-5AAFAB5E42D6}.Debug|Any CPU.Build.0 = Debug|Any CPU
		{05647830-562E-40E0-A573-5AAFAB5E42D6}.Release|Any CPU.ActiveCfg = Release|Any CPU
		{05647830-562E-40E0-A573-5AAFAB5E42D6}.Release|Any CPU.Build.0 = Release|Any CPU
	EndGlobalSection
	GlobalSection(SolutionProperties) = preSolution
		HideSolutionNode = FALSE
	EndGlobalSection
	GlobalSection(ExtensibilityGlobals) = postSolution
		SolutionGuid = {2DE07A79-0265-4A13-96D2-6EAE165241E8}
	EndGlobalSection
EndGlobal
